// !$*UTF8*$!
{
	archiveVersion = 1;
	classes = {
	};
	objectVersion = 55;
	objects = {

/* Begin PBXBuildFile section */
		04735FCD27E408EB0001D9AA /* Tests_iOS.swift in Sources */ = {isa = PBXBuildFile; fileRef = 04735FCC27E408EB0001D9AA /* Tests_iOS.swift */; };
		04735FCF27E408EB0001D9AA /* Tests_iOSLaunchTests.swift in Sources */ = {isa = PBXBuildFile; fileRef = 04735FCE27E408EB0001D9AA /* Tests_iOSLaunchTests.swift */; };
		04735FD927E408EB0001D9AA /* Tests_macOS.swift in Sources */ = {isa = PBXBuildFile; fileRef = 04735FD827E408EB0001D9AA /* Tests_macOS.swift */; };
		04735FDB27E408EB0001D9AA /* Tests_macOSLaunchTests.swift in Sources */ = {isa = PBXBuildFile; fileRef = 04735FDA27E408EB0001D9AA /* Tests_macOSLaunchTests.swift */; };
		04735FDC27E408EB0001D9AA /* CalculatorApp.swift in Sources */ = {isa = PBXBuildFile; fileRef = 04735FB427E408E90001D9AA /* CalculatorApp.swift */; };
		04735FDD27E408EB0001D9AA /* CalculatorApp.swift in Sources */ = {isa = PBXBuildFile; fileRef = 04735FB427E408E90001D9AA /* CalculatorApp.swift */; };
		04735FDE27E408EB0001D9AA /* ContentView.swift in Sources */ = {isa = PBXBuildFile; fileRef = 04735FB527E408E90001D9AA /* ContentView.swift */; };
		04735FDF27E408EB0001D9AA /* ContentView.swift in Sources */ = {isa = PBXBuildFile; fileRef = 04735FB527E408E90001D9AA /* ContentView.swift */; };
		04735FE027E408EB0001D9AA /* Assets.xcassets in Resources */ = {isa = PBXBuildFile; fileRef = 04735FB627E408EB0001D9AA /* Assets.xcassets */; };
		04735FE127E408EB0001D9AA /* Assets.xcassets in Resources */ = {isa = PBXBuildFile; fileRef = 04735FB627E408EB0001D9AA /* Assets.xcassets */; };
		04735FF127E40C500001D9AA /* HomeView.swift in Sources */ = {isa = PBXBuildFile; fileRef = 04735FF027E40C500001D9AA /* HomeView.swift */; };
		04735FF227E40C500001D9AA /* HomeView.swift in Sources */ = {isa = PBXBuildFile; fileRef = 04735FF027E40C500001D9AA /* HomeView.swift */; };
		04735FF427E40E760001D9AA /* ProfileView.swift in Sources */ = {isa = PBXBuildFile; fileRef = 04735FF327E40E760001D9AA /* ProfileView.swift */; };
		04735FF527E40E760001D9AA /* ProfileView.swift in Sources */ = {isa = PBXBuildFile; fileRef = 04735FF327E40E760001D9AA /* ProfileView.swift */; };
		04735FF727E410E70001D9AA /* Data.swift in Sources */ = {isa = PBXBuildFile; fileRef = 04735FF627E410E70001D9AA /* Data.swift */; };
		04735FF827E410E70001D9AA /* Data.swift in Sources */ = {isa = PBXBuildFile; fileRef = 04735FF627E410E70001D9AA /* Data.swift */; };
/* End PBXBuildFile section */

/* Begin PBXContainerItemProxy section */
		04735FC927E408EB0001D9AA /* PBXContainerItemProxy */ = {
			isa = PBXContainerItemProxy;
			containerPortal = 04735FAF27E408E90001D9AA /* Project object */;
			proxyType = 1;
			remoteGlobalIDString = 04735FBA27E408EB0001D9AA;
			remoteInfo = "Calculator (iOS)";
		};
		04735FD527E408EB0001D9AA /* PBXContainerItemProxy */ = {
			isa = PBXContainerItemProxy;
			containerPortal = 04735FAF27E408E90001D9AA /* Project object */;
			proxyType = 1;
			remoteGlobalIDString = 04735FC027E408EB0001D9AA;
			remoteInfo = "Calculator (macOS)";
		};
/* End PBXContainerItemProxy section */

/* Begin PBXFileReference section */
		04735FB427E408E90001D9AA /* CalculatorApp.swift */ = {isa = PBXFileReference; lastKnownFileType = sourcecode.swift; path = CalculatorApp.swift; sourceTree = "<group>"; };
		04735FB527E408E90001D9AA /* ContentView.swift */ = {isa = PBXFileReference; lastKnownFileType = sourcecode.swift; path = ContentView.swift; sourceTree = "<group>"; };
		04735FB627E408EB0001D9AA /* Assets.xcassets */ = {isa = PBXFileReference; lastKnownFileType = folder.assetcatalog; path = Assets.xcassets; sourceTree = "<group>"; };
		04735FBB27E408EB0001D9AA /* Calculator.app */ = {isa = PBXFileReference; explicitFileType = wrapper.application; includeInIndex = 0; path = Calculator.app; sourceTree = BUILT_PRODUCTS_DIR; };
		04735FC127E408EB0001D9AA /* Calculator.app */ = {isa = PBXFileReference; explicitFileType = wrapper.application; includeInIndex = 0; path = Calculator.app; sourceTree = BUILT_PRODUCTS_DIR; };
		04735FC327E408EB0001D9AA /* macOS.entitlements */ = {isa = PBXFileReference; lastKnownFileType = text.plist.entitlements; path = macOS.entitlements; sourceTree = "<group>"; };
		04735FC827E408EB0001D9AA /* Tests iOS.xctest */ = {isa = PBXFileReference; explicitFileType = wrapper.cfbundle; includeInIndex = 0; path = "Tests iOS.xctest"; sourceTree = BUILT_PRODUCTS_DIR; };
		04735FCC27E408EB0001D9AA /* Tests_iOS.swift */ = {isa = PBXFileReference; lastKnownFileType = sourcecode.swift; path = Tests_iOS.swift; sourceTree = "<group>"; };
		04735FCE27E408EB0001D9AA /* Tests_iOSLaunchTests.swift */ = {isa = PBXFileReference; lastKnownFileType = sourcecode.swift; path = Tests_iOSLaunchTests.swift; sourceTree = "<group>"; };
		04735FD427E408EB0001D9AA /* Tests macOS.xctest */ = {isa = PBXFileReference; explicitFileType = wrapper.cfbundle; includeInIndex = 0; path = "Tests macOS.xctest"; sourceTree = BUILT_PRODUCTS_DIR; };
		04735FD827E408EB0001D9AA /* Tests_macOS.swift */ = {isa = PBXFileReference; lastKnownFileType = sourcecode.swift; path = Tests_macOS.swift; sourceTree = "<group>"; };
		04735FDA27E408EB0001D9AA /* Tests_macOSLaunchTests.swift */ = {isa = PBXFileReference; lastKnownFileType = sourcecode.swift; path = Tests_macOSLaunchTests.swift; sourceTree = "<group>"; };
		04735FF027E40C500001D9AA /* HomeView.swift */ = {isa = PBXFileReference; lastKnownFileType = sourcecode.swift; path = HomeView.swift; sourceTree = "<group>"; };
		04735FF327E40E760001D9AA /* ProfileView.swift */ = {isa = PBXFileReference; lastKnownFileType = sourcecode.swift; path = ProfileView.swift; sourceTree = "<group>"; };
		04735FF627E410E70001D9AA /* Data.swift */ = {isa = PBXFileReference; lastKnownFileType = sourcecode.swift; path = Data.swift; sourceTree = "<group>"; };
/* End PBXFileReference section */

/* Begin PBXFrameworksBuildPhase section */
		04735FB827E408EB0001D9AA /* Frameworks */ = {
			isa = PBXFrameworksBuildPhase;
			buildActionMask = 2147483647;
			files = (
			);
			runOnlyForDeploymentPostprocessing = 0;
		};
		04735FBE27E408EB0001D9AA /* Frameworks */ = {
			isa = PBXFrameworksBuildPhase;
			buildActionMask = 2147483647;
			files = (
			);
			runOnlyForDeploymentPostprocessing = 0;
		};
		04735FC527E408EB0001D9AA /* Frameworks */ = {
			isa = PBXFrameworksBuildPhase;
			buildActionMask = 2147483647;
			files = (
			);
			runOnlyForDeploymentPostprocessing = 0;
		};
		04735FD127E408EB0001D9AA /* Frameworks */ = {
			isa = PBXFrameworksBuildPhase;
			buildActionMask = 2147483647;
			files = (
			);
			runOnlyForDeploymentPostprocessing = 0;
		};
/* End PBXFrameworksBuildPhase section */

/* Begin PBXGroup section */
		04735FAE27E408E90001D9AA = {
			isa = PBXGroup;
			children = (
				04735FB327E408E90001D9AA /* Shared */,
				04735FC227E408EB0001D9AA /* macOS */,
				04735FCB27E408EB0001D9AA /* Tests iOS */,
				04735FD727E408EB0001D9AA /* Tests macOS */,
				04735FBC27E408EB0001D9AA /* Products */,
			);
			sourceTree = "<group>";
		};
		04735FB327E408E90001D9AA /* Shared */ = {
			isa = PBXGroup;
			children = (
				04735FB427E408E90001D9AA /* CalculatorApp.swift */,
				04735FB527E408E90001D9AA /* ContentView.swift */,
				04735FB627E408EB0001D9AA /* Assets.xcassets */,
				04735FF027E40C500001D9AA /* HomeView.swift */,
				04735FF327E40E760001D9AA /* ProfileView.swift */,
				04735FF627E410E70001D9AA /* Data.swift */,
			);
			path = Shared;
			sourceTree = "<group>";
		};
		04735FBC27E408EB0001D9AA /* Products */ = {
			isa = PBXGroup;
			children = (
				04735FBB27E408EB0001D9AA /* Calculator.app */,
				04735FC127E408EB0001D9AA /* Calculator.app */,
				04735FC827E408EB0001D9AA /* Tests iOS.xctest */,
				04735FD427E408EB0001D9AA /* Tests macOS.xctest */,
			);
			name = Products;
			sourceTree = "<group>";
		};
		04735FC227E408EB0001D9AA /* macOS */ = {
			isa = PBXGroup;
			children = (
				04735FC327E408EB0001D9AA /* macOS.entitlements */,
			);
			path = macOS;
			sourceTree = "<group>";
		};
		04735FCB27E408EB0001D9AA /* Tests iOS */ = {
			isa = PBXGroup;
			children = (
				04735FCC27E408EB0001D9AA /* Tests_iOS.swift */,
				04735FCE27E408EB0001D9AA /* Tests_iOSLaunchTests.swift */,
			);
			path = "Tests iOS";
			sourceTree = "<group>";
		};
		04735FD727E408EB0001D9AA /* Tests macOS */ = {
			isa = PBXGroup;
			children = (
				04735FD827E408EB0001D9AA /* Tests_macOS.swift */,
				04735FDA27E408EB0001D9AA /* Tests_macOSLaunchTests.swift */,
			);
			path = "Tests macOS";
			sourceTree = "<group>";
		};
/* End PBXGroup section */

/* Begin PBXNativeTarget section */
		04735FBA27E408EB0001D9AA /* Calculator (iOS) */ = {
			isa = PBXNativeTarget;
			buildConfigurationList = 04735FE427E408EB0001D9AA /* Build configuration list for PBXNativeTarget "Calculator (iOS)" */;
			buildPhases = (
				04735FB727E408EB0001D9AA /* Sources */,
				04735FB827E408EB0001D9AA /* Frameworks */,
				04735FB927E408EB0001D9AA /* Resources */,
			);
			buildRules = (
			);
			dependencies = (
			);
			name = "Calculator (iOS)";
			productName = "Calculator (iOS)";
			productReference = 04735FBB27E408EB0001D9AA /* Calculator.app */;
			productType = "com.apple.product-type.application";
		};
		04735FC027E408EB0001D9AA /* Calculator (macOS) */ = {
			isa = PBXNativeTarget;
			buildConfigurationList = 04735FE727E408EB0001D9AA /* Build configuration list for PBXNativeTarget "Calculator (macOS)" */;
			buildPhases = (
				04735FBD27E408EB0001D9AA /* Sources */,
				04735FBE27E408EB0001D9AA /* Frameworks */,
				04735FBF27E408EB0001D9AA /* Resources */,
			);
			buildRules = (
			);
			dependencies = (
			);
			name = "Calculator (macOS)";
			productName = "Calculator (macOS)";
			productReference = 04735FC127E408EB0001D9AA /* Calculator.app */;
			productType = "com.apple.product-type.application";
		};
		04735FC727E408EB0001D9AA /* Tests iOS */ = {
			isa = PBXNativeTarget;
			buildConfigurationList = 04735FEA27E408EB0001D9AA /* Build configuration list for PBXNativeTarget "Tests iOS" */;
			buildPhases = (
				04735FC427E408EB0001D9AA /* Sources */,
				04735FC527E408EB0001D9AA /* Frameworks */,
				04735FC627E408EB0001D9AA /* Resources */,
			);
			buildRules = (
			);
			dependencies = (
				04735FCA27E408EB0001D9AA /* PBXTargetDependency */,
			);
			name = "Tests iOS";
			productName = "Tests iOS";
			productReference = 04735FC827E408EB0001D9AA /* Tests iOS.xctest */;
			productType = "com.apple.product-type.bundle.ui-testing";
		};
		04735FD327E408EB0001D9AA /* Tests macOS */ = {
			isa = PBXNativeTarget;
			buildConfigurationList = 04735FED27E408EB0001D9AA /* Build configuration list for PBXNativeTarget "Tests macOS" */;
			buildPhases = (
				04735FD027E408EB0001D9AA /* Sources */,
				04735FD127E408EB0001D9AA /* Frameworks */,
				04735FD227E408EB0001D9AA /* Resources */,
			);
			buildRules = (
			);
			dependencies = (
				04735FD627E408EB0001D9AA /* PBXTargetDependency */,
			);
			name = "Tests macOS";
			productName = "Tests macOS";
			productReference = 04735FD427E408EB0001D9AA /* Tests macOS.xctest */;
			productType = "com.apple.product-type.bundle.ui-testing";
		};
/* End PBXNativeTarget section */

/* Begin PBXProject section */
		04735FAF27E408E90001D9AA /* Project object */ = {
			isa = PBXProject;
			attributes = {
				BuildIndependentTargetsInParallel = 1;
				LastSwiftUpdateCheck = 1320;
				LastUpgradeCheck = 1320;
				TargetAttributes = {
					04735FBA27E408EB0001D9AA = {
						CreatedOnToolsVersion = 13.2.1;
					};
					04735FC027E408EB0001D9AA = {
						CreatedOnToolsVersion = 13.2.1;
					};
					04735FC727E408EB0001D9AA = {
						CreatedOnToolsVersion = 13.2.1;
						TestTargetID = 04735FBA27E408EB0001D9AA;
					};
					04735FD327E408EB0001D9AA = {
						CreatedOnToolsVersion = 13.2.1;
						TestTargetID = 04735FC027E408EB0001D9AA;
					};
				};
			};
			buildConfigurationList = 04735FB227E408E90001D9AA /* Build configuration list for PBXProject "Calculator" */;
			compatibilityVersion = "Xcode 13.0";
			developmentRegion = en;
			hasScannedForEncodings = 0;
			knownRegions = (
				en,
				Base,
			);
			mainGroup = 04735FAE27E408E90001D9AA;
			productRefGroup = 04735FBC27E408EB0001D9AA /* Products */;
			projectDirPath = "";
			projectRoot = "";
			targets = (
				04735FBA27E408EB0001D9AA /* Calculator (iOS) */,
				04735FC027E408EB0001D9AA /* Calculator (macOS) */,
				04735FC727E408EB0001D9AA /* Tests iOS */,
				04735FD327E408EB0001D9AA /* Tests macOS */,
			);
		};
/* End PBXProject section */

/* Begin PBXResourcesBuildPhase section */
		04735FB927E408EB0001D9AA /* Resources */ = {
			isa = PBXResourcesBuildPhase;
			buildActionMask = 2147483647;
			files = (
				04735FE027E408EB0001D9AA /* Assets.xcassets in Resources */,
			);
			runOnlyForDeploymentPostprocessing = 0;
		};
		04735FBF27E408EB0001D9AA /* Resources */ = {
			isa = PBXResourcesBuildPhase;
			buildActionMask = 2147483647;
			files = (
				04735FE127E408EB0001D9AA /* Assets.xcassets in Resources */,
			);
			runOnlyForDeploymentPostprocessing = 0;
		};
		04735FC627E408EB0001D9AA /* Resources */ = {
			isa = PBXResourcesBuildPhase;
			buildActionMask = 2147483647;
			files = (
			);
			runOnlyForDeploymentPostprocessing = 0;
		};
		04735FD227E408EB0001D9AA /* Resources */ = {
			isa = PBXResourcesBuildPhase;
			buildActionMask = 2147483647;
			files = (
			);
			runOnlyForDeploymentPostprocessing = 0;
		};
/* End PBXResourcesBuildPhase section */

/* Begin PBXSourcesBuildPhase section */
		04735FB727E408EB0001D9AA /* Sources */ = {
			isa = PBXSourcesBuildPhase;
			buildActionMask = 2147483647;
			files = (
				04735FF427E40E760001D9AA /* ProfileView.swift in Sources */,
				04735FF727E410E70001D9AA /* Data.swift in Sources */,
				04735FF127E40C500001D9AA /* HomeView.swift in Sources */,
				04735FDE27E408EB0001D9AA /* ContentView.swift in Sources */,
				04735FDC27E408EB0001D9AA /* CalculatorApp.swift in Sources */,
			);
			runOnlyForDeploymentPostprocessing = 0;
		};
		04735FBD27E408EB0001D9AA /* Sources */ = {
			isa = PBXSourcesBuildPhase;
			buildActionMask = 2147483647;
			files = (
				04735FF527E40E760001D9AA /* ProfileView.swift in Sources */,
				04735FF827E410E70001D9AA /* Data.swift in Sources */,
				04735FF227E40C500001D9AA /* HomeView.swift in Sources */,
				04735FDF27E408EB0001D9AA /* ContentView.swift in Sources */,
				04735FDD27E408EB0001D9AA /* CalculatorApp.swift in Sources */,
			);
			runOnlyForDeploymentPostprocessing = 0;
		};
		04735FC427E408EB0001D9AA /* Sources */ = {
			isa = PBXSourcesBuildPhase;
			buildActionMask = 2147483647;
			files = (
				04735FCF27E408EB0001D9AA /* Tests_iOSLaunchTests.swift in Sources */,
				04735FCD27E408EB0001D9AA /* Tests_iOS.swift in Sources */,
			);
			runOnlyForDeploymentPostprocessing = 0;
		};
		04735FD027E408EB0001D9AA /* Sources */ = {
			isa = PBXSourcesBuildPhase;
			buildActionMask = 2147483647;
			files = (
				04735FDB27E408EB0001D9AA /* Tests_macOSLaunchTests.swift in Sources */,
				04735FD927E408EB0001D9AA /* Tests_macOS.swift in Sources */,
			);
			runOnlyForDeploymentPostprocessing = 0;
		};
/* End PBXSourcesBuildPhase section */

/* Begin PBXTargetDependency section */
		04735FCA27E408EB0001D9AA /* PBXTargetDependency */ = {
			isa = PBXTargetDependency;
			target = 04735FBA27E408EB0001D9AA /* Calculator (iOS) */;
			targetProxy = 04735FC927E408EB0001D9AA /* PBXContainerItemProxy */;
		};
		04735FD627E408EB0001D9AA /* PBXTargetDependency */ = {
			isa = PBXTargetDependency;
			target = 04735FC027E408EB0001D9AA /* Calculator (macOS) */;
			targetProxy = 04735FD527E408EB0001D9AA /* PBXContainerItemProxy */;
		};
/* End PBXTargetDependency section */

/* Begin XCBuildConfiguration section */
		04735FE227E408EB0001D9AA /* Debug */ = {
			isa = XCBuildConfiguration;
			buildSettings = {
				ALWAYS_SEARCH_USER_PATHS = NO;
				CLANG_ANALYZER_NONNULL = YES;
				CLANG_ANALYZER_NUMBER_OBJECT_CONVERSION = YES_AGGRESSIVE;
				CLANG_CXX_LANGUAGE_STANDARD = "gnu++17";
				CLANG_CXX_LIBRARY = "libc++";
				CLANG_ENABLE_MODULES = YES;
				CLANG_ENABLE_OBJC_ARC = YES;
				CLANG_ENABLE_OBJC_WEAK = YES;
				CLANG_WARN_BLOCK_CAPTURE_AUTORELEASING = YES;
				CLANG_WARN_BOOL_CONVERSION = YES;
				CLANG_WARN_COMMA = YES;
				CLANG_WARN_CONSTANT_CONVERSION = YES;
				CLANG_WARN_DEPRECATED_OBJC_IMPLEMENTATIONS = YES;
				CLANG_WARN_DIRECT_OBJC_ISA_USAGE = YES_ERROR;
				CLANG_WARN_DOCUMENTATION_COMMENTS = YES;
				CLANG_WARN_EMPTY_BODY = YES;
				CLANG_WARN_ENUM_CONVERSION = YES;
				CLANG_WARN_INFINITE_RECURSION = YES;
				CLANG_WARN_INT_CONVERSION = YES;
				CLANG_WARN_NON_LITERAL_NULL_CONVERSION = YES;
				CLANG_WARN_OBJC_IMPLICIT_RETAIN_SELF = YES;
				CLANG_WARN_OBJC_LITERAL_CONVERSION = YES;
				CLANG_WARN_OBJC_ROOT_CLASS = YES_ERROR;
				CLANG_WARN_QUOTED_INCLUDE_IN_FRAMEWORK_HEADER = YES;
				CLANG_WARN_RANGE_LOOP_ANALYSIS = YES;
				CLANG_WARN_STRICT_PROTOTYPES = YES;
				CLANG_WARN_SUSPICIOUS_MOVE = YES;
				CLANG_WARN_UNGUARDED_AVAILABILITY = YES_AGGRESSIVE;
				CLANG_WARN_UNREACHABLE_CODE = YES;
				CLANG_WARN__DUPLICATE_METHOD_MATCH = YES;
				COPY_PHASE_STRIP = NO;
				DEBUG_INFORMATION_FORMAT = dwarf;
				ENABLE_STRICT_OBJC_MSGSEND = YES;
				ENABLE_TESTABILITY = YES;
				GCC_C_LANGUAGE_STANDARD = gnu11;
				GCC_DYNAMIC_NO_PIC = NO;
				GCC_NO_COMMON_BLOCKS = YES;
				GCC_OPTIMIZATION_LEVEL = 0;
				GCC_PREPROCESSOR_DEFINITIONS = (
					"DEBUG=1",
					"$(inherited)",
				);
				GCC_WARN_64_TO_32_BIT_CONVERSION = YES;
				GCC_WARN_ABOUT_RETURN_TYPE = YES_ERROR;
				GCC_WARN_UNDECLARED_SELECTOR = YES;
				GCC_WARN_UNINITIALIZED_AUTOS = YES_AGGRESSIVE;
				GCC_WARN_UNUSED_FUNCTION = YES;
				GCC_WARN_UNUSED_VARIABLE = YES;
				MTL_ENABLE_DEBUG_INFO = INCLUDE_SOURCE;
				MTL_FAST_MATH = YES;
				ONLY_ACTIVE_ARCH = YES;
				SWIFT_ACTIVE_COMPILATION_CONDITIONS = DEBUG;
				SWIFT_OPTIMIZATION_LEVEL = "-Onone";
			};
			name = Debug;
		};
		04735FE327E408EB0001D9AA /* Release */ = {
			isa = XCBuildConfiguration;
			buildSettings = {
				ALWAYS_SEARCH_USER_PATHS = NO;
				CLANG_ANALYZER_NONNULL = YES;
				CLANG_ANALYZER_NUMBER_OBJECT_CONVERSION = YES_AGGRESSIVE;
				CLANG_CXX_LANGUAGE_STANDARD = "gnu++17";
				CLANG_CXX_LIBRARY = "libc++";
				CLANG_ENABLE_MODULES = YES;
				CLANG_ENABLE_OBJC_ARC = YES;
				CLANG_ENABLE_OBJC_WEAK = YES;
				CLANG_WARN_BLOCK_CAPTURE_AUTORELEASING = YES;
				CLANG_WARN_BOOL_CONVERSION = YES;
				CLANG_WARN_COMMA = YES;
				CLANG_WARN_CONSTANT_CONVERSION = YES;
				CLANG_WARN_DEPRECATED_OBJC_IMPLEMENTATIONS = YES;
				CLANG_WARN_DIRECT_OBJC_ISA_USAGE = YES_ERROR;
				CLANG_WARN_DOCUMENTATION_COMMENTS = YES;
				CLANG_WARN_EMPTY_BODY = YES;
				CLANG_WARN_ENUM_CONVERSION = YES;
				CLANG_WARN_INFINITE_RECURSION = YES;
				CLANG_WARN_INT_CONVERSION = YES;
				CLANG_WARN_NON_LITERAL_NULL_CONVERSION = YES;
				CLANG_WARN_OBJC_IMPLICIT_RETAIN_SELF = YES;
				CLANG_WARN_OBJC_LITERAL_CONVERSION = YES;
				CLANG_WARN_OBJC_ROOT_CLASS = YES_ERROR;
				CLANG_WARN_QUOTED_INCLUDE_IN_FRAMEWORK_HEADER = YES;
				CLANG_WARN_RANGE_LOOP_ANALYSIS = YES;
				CLANG_WARN_STRICT_PROTOTYPES = YES;
				CLANG_WARN_SUSPICIOUS_MOVE = YES;
				CLANG_WARN_UNGUARDED_AVAILABILITY = YES_AGGRESSIVE;
				CLANG_WARN_UNREACHABLE_CODE = YES;
				CLANG_WARN__DUPLICATE_METHOD_MATCH = YES;
				COPY_PHASE_STRIP = NO;
				DEBUG_INFORMATION_FORMAT = "dwarf-with-dsym";
				ENABLE_NS_ASSERTIONS = NO;
				ENABLE_STRICT_OBJC_MSGSEND = YES;
				GCC_C_LANGUAGE_STANDARD = gnu11;
				GCC_NO_COMMON_BLOCKS = YES;
				GCC_WARN_64_TO_32_BIT_CONVERSION = YES;
				GCC_WARN_ABOUT_RETURN_TYPE = YES_ERROR;
				GCC_WARN_UNDECLARED_SELECTOR = YES;
				GCC_WARN_UNINITIALIZED_AUTOS = YES_AGGRESSIVE;
				GCC_WARN_UNUSED_FUNCTION = YES;
				GCC_WARN_UNUSED_VARIABLE = YES;
				MTL_ENABLE_DEBUG_INFO = NO;
				MTL_FAST_MATH = YES;
				SWIFT_COMPILATION_MODE = wholemodule;
				SWIFT_OPTIMIZATION_LEVEL = "-O";
			};
			name = Release;
		};
		04735FE527E408EB0001D9AA /* Debug */ = {
			isa = XCBuildConfiguration;
			buildSettings = {
				ASSETCATALOG_COMPILER_APPICON_NAME = AppIcon;
				ASSETCATALOG_COMPILER_GLOBAL_ACCENT_COLOR_NAME = AccentColor;
				CODE_SIGN_STYLE = Automatic;
				CURRENT_PROJECT_VERSION = 1;
				ENABLE_PREVIEWS = YES;
				GENERATE_INFOPLIST_FILE = YES;
				INFOPLIST_KEY_UIApplicationSceneManifest_Generation = YES;
				INFOPLIST_KEY_UIApplicationSupportsIndirectInputEvents = YES;
				INFOPLIST_KEY_UILaunchScreen_Generation = YES;
				INFOPLIST_KEY_UISupportedInterfaceOrientations_iPad = "UIInterfaceOrientationPortrait UIInterfaceOrientationPortraitUpsideDown UIInterfaceOrientationLandscapeLeft UIInterfaceOrientationLandscapeRight";
				INFOPLIST_KEY_UISupportedInterfaceOrientations_iPhone = "UIInterfaceOrientationPortrait UIInterfaceOrientationLandscapeLeft UIInterfaceOrientationLandscapeRight";
				IPHONEOS_DEPLOYMENT_TARGET = 15.2;
				LD_RUNPATH_SEARCH_PATHS = (
					"$(inherited)",
					"@executable_path/Frameworks",
				);
				MARKETING_VERSION = 1.0;
				PRODUCT_BUNDLE_IDENTIFIER = FlazHost.Com.Calculator;
				PRODUCT_NAME = Calculator;
				SDKROOT = iphoneos;
				SWIFT_EMIT_LOC_STRINGS = YES;
				SWIFT_VERSION = 5.0;
				TARGETED_DEVICE_FAMILY = "1,2";
			};
			name = Debug;
		};
		04735FE627E408EB0001D9AA /* Release */ = {
			isa = XCBuildConfiguration;
			buildSettings = {
				ASSETCATALOG_COMPILER_APPICON_NAME = AppIcon;
				ASSETCATALOG_COMPILER_GLOBAL_ACCENT_COLOR_NAME = AccentColor;
				CODE_SIGN_STYLE = Automatic;
				CURRENT_PROJECT_VERSION = 1;
				ENABLE_PREVIEWS = YES;
				GENERATE_INFOPLIST_FILE = YES;
				INFOPLIST_KEY_UIApplicationSceneManifest_Generation = YES;
				INFOPLIST_KEY_UIApplicationSupportsIndirectInputEvents = YES;
				INFOPLIST_KEY_UILaunchScreen_Generation = YES;
				INFOPLIST_KEY_UISupportedInterfaceOrientations_iPad = "UIInterfaceOrientationPortrait UIInterfaceOrientationPortraitUpsideDown UIInterfaceOrientationLandscapeLeft UIInterfaceOrientationLandscapeRight";
				INFOPLIST_KEY_UISupportedInterfaceOrientations_iPhone = "UIInterfaceOrientationPortrait UIInterfaceOrientationLandscapeLeft UIInterfaceOrientationLandscapeRight";
				IPHONEOS_DEPLOYMENT_TARGET = 15.2;
				LD_RUNPATH_SEARCH_PATHS = (
					"$(inherited)",
					"@executable_path/Frameworks",
				);
				MARKETING_VERSION = 1.0;
				PRODUCT_BUNDLE_IDENTIFIER = FlazHost.Com.Calculator;
				PRODUCT_NAME = Calculator;
				SDKROOT = iphoneos;
				SWIFT_EMIT_LOC_STRINGS = YES;
				SWIFT_VERSION = 5.0;
				TARGETED_DEVICE_FAMILY = "1,2";
				VALIDATE_PRODUCT = YES;
			};
			name = Release;
		};
		04735FE827E408EB0001D9AA /* Debug */ = {
			isa = XCBuildConfiguration;
			buildSettings = {
				ASSETCATALOG_COMPILER_APPICON_NAME = AppIcon;
				ASSETCATALOG_COMPILER_GLOBAL_ACCENT_COLOR_NAME = AccentColor;
				CODE_SIGN_ENTITLEMENTS = macOS/macOS.entitlements;
				CODE_SIGN_STYLE = Automatic;
				COMBINE_HIDPI_IMAGES = YES;
				CURRENT_PROJECT_VERSION = 1;
				ENABLE_PREVIEWS = YES;
				GENERATE_INFOPLIST_FILE = YES;
				INFOPLIST_KEY_NSHumanReadableCopyright = "";
				LD_RUNPATH_SEARCH_PATHS = (
					"$(inherited)",
					"@executable_path/../Frameworks",
				);
				MACOSX_DEPLOYMENT_TARGET = 12.1;
				MARKETING_VERSION = 1.0;
				PRODUCT_BUNDLE_IDENTIFIER = FlazHost.Com.Calculator;
				PRODUCT_NAME = Calculator;
				SDKROOT = macosx;
				SWIFT_EMIT_LOC_STRINGS = YES;
				SWIFT_VERSION = 5.0;
			};
			name = Debug;
		};
		04735FE927E408EB0001D9AA /* Release */ = {
			isa = XCBuildConfiguration;
			buildSettings = {
				ASSETCATALOG_COMPILER_APPICON_NAME = AppIcon;
				ASSETCATALOG_COMPILER_GLOBAL_ACCENT_COLOR_NAME = AccentColor;
				CODE_SIGN_ENTITLEMENTS = macOS/macOS.entitlements;
				CODE_SIGN_STYLE = Automatic;
				COMBINE_HIDPI_IMAGES = YES;
				CURRENT_PROJECT_VERSION = 1;
				ENABLE_PREVIEWS = YES;
				GENERATE_INFOPLIST_FILE = YES;
				INFOPLIST_KEY_NSHumanReadableCopyright = "";
				LD_RUNPATH_SEARCH_PATHS = (
					"$(inherited)",
					"@executable_path/../Frameworks",
				);
				MACOSX_DEPLOYMENT_TARGET = 12.1;
				MARKETING_VERSION = 1.0;
				PRODUCT_BUNDLE_IDENTIFIER = FlazHost.Com.Calculator;
				PRODUCT_NAME = Calculator;
				SDKROOT = macosx;
				SWIFT_EMIT_LOC_STRINGS = YES;
				SWIFT_VERSION = 5.0;
			};
			name = Release;
		};
		04735FEB27E408EB0001D9AA /* Debug */ = {
			isa = XCBuildConfiguration;
			buildSettings = {
				ALWAYS_EMBED_SWIFT_STANDARD_LIBRARIES = YES;
				CODE_SIGN_STYLE = Automatic;
				CURRENT_PROJECT_VERSION = 1;
				GENERATE_INFOPLIST_FILE = YES;
				IPHONEOS_DEPLOYMENT_TARGET = 15.2;
				MARKETING_VERSION = 1.0;
				PRODUCT_BUNDLE_IDENTIFIER = "FlazHost.Com.Tests-iOS";
				PRODUCT_NAME = "$(TARGET_NAME)";
				SDKROOT = iphoneos;
				SWIFT_EMIT_LOC_STRINGS = NO;
				SWIFT_VERSION = 5.0;
				TARGETED_DEVICE_FAMILY = "1,2";
				TEST_TARGET_NAME = "Calculator (iOS)";
			};
			name = Debug;
		};
		04735FEC27E408EB0001D9AA /* Release */ = {
			isa = XCBuildConfiguration;
			buildSettings = {
				ALWAYS_EMBED_SWIFT_STANDARD_LIBRARIES = YES;
				CODE_SIGN_STYLE = Automatic;
				CURRENT_PROJECT_VERSION = 1;
				GENERATE_INFOPLIST_FILE = YES;
				IPHONEOS_DEPLOYMENT_TARGET = 15.2;
				MARKETING_VERSION = 1.0;
				PRODUCT_BUNDLE_IDENTIFIER = "FlazHost.Com.Tests-iOS";
				PRODUCT_NAME = "$(TARGET_NAME)";
				SDKROOT = iphoneos;
				SWIFT_EMIT_LOC_STRINGS = NO;
				SWIFT_VERSION = 5.0;
				TARGETED_DEVICE_FAMILY = "1,2";
				TEST_TARGET_NAME = "Calculator (iOS)";
				VALIDATE_PRODUCT = YES;
			};
			name = Release;
		};
		04735FEE27E408EB0001D9AA /* Debug */ = {
			isa = XCBuildConfiguration;
			buildSettings = {
				ALWAYS_EMBED_SWIFT_STANDARD_LIBRARIES = YES;
				CODE_SIGN_STYLE = Automatic;
				CURRENT_PROJECT_VERSION = 1;
				GENERATE_INFOPLIST_FILE = YES;
				MACOSX_DEPLOYMENT_TARGET = 12.1;
				MARKETING_VERSION = 1.0;
				PRODUCT_BUNDLE_IDENTIFIER = "FlazHost.Com.Tests-macOS";
				PRODUCT_NAME = "$(TARGET_NAME)";
				SDKROOT = macosx;
				SWIFT_EMIT_LOC_STRINGS = NO;
				SWIFT_VERSION = 5.0;
				TEST_TARGET_NAME = "Calculator (macOS)";
			};
			name = Debug;
		};
		04735FEF27E408EB0001D9AA /* Release */ = {
			isa = XCBuildConfiguration;
			buildSettings = {
				ALWAYS_EMBED_SWIFT_STANDARD_LIBRARIES = YES;
				CODE_SIGN_STYLE = Automatic;
				CURRENT_PROJECT_VERSION = 1;
				GENERATE_INFOPLIST_FILE = YES;
				MACOSX_DEPLOYMENT_TARGET = 12.1;
				MARKETING_VERSION = 1.0;
				PRODUCT_BUNDLE_IDENTIFIER = "FlazHost.Com.Tests-macOS";
				PRODUCT_NAME = "$(TARGET_NAME)";
				SDKROOT = macosx;
				SWIFT_EMIT_LOC_STRINGS = NO;
				SWIFT_VERSION = 5.0;
				TEST_TARGET_NAME = "Calculator (macOS)";
			};
			name = Release;
		};
/* End XCBuildConfiguration section */

/* Begin XCConfigurationList section */
		04735FB227E408E90001D9AA /* Build configuration list for PBXProject "Calculator" */ = {
			isa = XCConfigurationList;
			buildConfigurations = (
				04735FE227E408EB0001D9AA /* Debug */,
				04735FE327E408EB0001D9AA /* Release */,
			);
			defaultConfigurationIsVisible = 0;
			defaultConfigurationName = Release;
		};
		04735FE427E408EB0001D9AA /* Build configuration list for PBXNativeTarget "Calculator (iOS)" */ = {
			isa = XCConfigurationList;
			buildConfigurations = (
				04735FE527E408EB0001D9AA /* Debug */,
				04735FE627E408EB0001D9AA /* Release */,
			);
			defaultConfigurationIsVisible = 0;
			defaultConfigurationName = Release;
		};
		04735FE727E408EB0001D9AA /* Build configuration list for PBXNativeTarget "Calculator (macOS)" */ = {
			isa = XCConfigurationList;
			buildConfigurations = (
				04735FE827E408EB0001D9AA /* Debug */,
				04735FE927E408EB0001D9AA /* Release */,
			);
			defaultConfigurationIsVisible = 0;
			defaultConfigurationName = Release;
		};
		04735FEA27E408EB0001D9AA /* Build configuration list for PBXNativeTarget "Tests iOS" */ = {
			isa = XCConfigurationList;
			buildConfigurations = (
				04735FEB27E408EB0001D9AA /* Debug */,
				04735FEC27E408EB0001D9AA /* Release */,
			);
			defaultConfigurationIsVisible = 0;
			defaultConfigurationName = Release;
		};
		04735FED27E408EB0001D9AA /* Build configuration list for PBXNativeTarget "Tests macOS" */ = {
			isa = XCConfigurationList;
			buildConfigurations = (
				04735FEE27E408EB0001D9AA /* Debug */,
				04735FEF27E408EB0001D9AA /* Release */,
			);
			defaultConfigurationIsVisible = 0;
			defaultConfigurationName = Release;
		};
/* End XCConfigurationList section */
	};
	rootObject = 04735FAF27E408E90001D9AA /* Project object */;
}
